
Microsoft Visual Studio Solution File, Format Version 12.00
# Visual Studio Version 17
VisualStudioVersion = 17.14.36127.28
MinimumVisualStudioVersion = 10.0.40219.1
Project("{2150E333-8FDC-42A3-9474-1A3956D46DE8}") = "Database", "Database", "{02EA681E-C7D8-13C7-8484-4AC65E1B71E8}"
	ProjectSection(SolutionItems) = preProject
		Database\CreateDatabase.sql = Database\CreateDatabase.sql
		Database\CreateTables.sql = Database\CreateTables.sql
		Database\InstallDatabase.sql = Database\InstallDatabase.sql
		Database\QueryForAConnectionString.sql = Database\QueryForAConnectionString.sql
		Database\SampleData.sql = Database\SampleData.sql
		Database\StoredProcedures.sql = Database\StoredProcedures.sql
	EndProjectSection
EndProject
Project("{FAE04EC0-301F-11D3-BF4B-00C04F79EFBC}") = "MuseumXMLAPI", "MuseumXMLAPI\MuseumXMLAPI.csproj", "{D3323E3E-5079-409F-BDC8-99D5D5CCE72E}"
EndProject
Project("{FAE04EC0-301F-11D3-BF4B-00C04F79EFBC}") = "MuseumXMLAPI.Tests", "MuseumXMLAPI.Tests\MuseumXMLAPI.Tests.csproj", "{367D0DB4-4C6F-4167-9AC1-99ECDCC503BB}"
EndProject
Project("{FAE04EC0-301F-11D3-BF4B-00C04F79EFBC}") = "MuseumXMLDemo", "MuseumXMLDemo\MuseumXMLDemo.csproj", "{663CCA6F-3E02-4DE7-B4AB-FF52420EB555}"
EndProject
Global
	GlobalSection(SolutionConfigurationPlatforms) = preSolution
		Debug|Any CPU = Debug|Any CPU
		Release|Any CPU = Release|Any CPU
	EndGlobalSection
	GlobalSection(ProjectConfigurationPlatforms) = postSolution
		{D3323E3E-5079-409F-BDC8-99D5D5CCE72E}.Debug|Any CPU.ActiveCfg = Debug|Any CPU
		{D3323E3E-5079-409F-BDC8-99D5D5CCE72E}.Debug|Any CPU.Build.0 = Debug|Any CPU
		{D3323E3E-5079-409F-BDC8-99D5D5CCE72E}.Release|Any CPU.ActiveCfg = Release|Any CPU
		{D3323E3E-5079-409F-BDC8-99D5D5CCE72E}.Release|Any CPU.Build.0 = Release|Any CPU
		{367D0DB4-4C6F-4167-9AC1-99ECDCC503BB}.Debug|Any CPU.ActiveCfg = Debug|Any CPU
		{367D0DB4-4C6F-4167-9AC1-99ECDCC503BB}.Debug|Any CPU.Build.0 = Debug|Any CPU
		{367D0DB4-4C6F-4167-9AC1-99ECDCC503BB}.Release|Any CPU.ActiveCfg = Release|Any CPU
		{367D0DB4-4C6F-4167-9AC1-99ECDCC503BB}.Release|Any CPU.Build.0 = Release|Any CPU
		{663CCA6F-3E02-4DE7-B4AB-FF52420EB555}.Debug|Any CPU.ActiveCfg = Debug|Any CPU
		{663CCA6F-3E02-4DE7-B4AB-FF52420EB555}.Debug|Any CPU.Build.0 = Debug|Any CPU
		{663CCA6F-3E02-4DE7-B4AB-FF52420EB555}.Release|Any CPU.ActiveCfg = Release|Any CPU
		{663CCA6F-3E02-4DE7-B4AB-FF52420EB555}.Release|Any CPU.Build.0 = Release|Any CPU
	EndGlobalSection
	GlobalSection(SolutionProperties) = preSolution
		HideSolutionNode = FALSE
	EndGlobalSection
	GlobalSection(ExtensibilityGlobals) = postSolution
		SolutionGuid = {452ED3A2-68B5-4EB7-AD11-79D11EEBE5BE}
	EndGlobalSection
EndGlobal
